// !$*UTF8*$!
{
	archiveVersion = 1;
	classes = {
	};
	objectVersion = 50;
	objects = {

/* Begin PBXBuildFile section */
		D10566BB23B2188400647884 /* LoadingIndicatorView.swift in Sources */ = {isa = PBXBuildFile; fileRef = D10566BA23B2188400647884 /* LoadingIndicatorView.swift */; };
		D13C078C23CCE43800B8BCC7 /* GithubReposList.swift in Sources */ = {isa = PBXBuildFile; fileRef = D13C078B23CCE43800B8BCC7 /* GithubReposList.swift */; };
		D182CE8823CCE5AA00E368A6 /* GithubRepositoryRow.swift in Sources */ = {isa = PBXBuildFile; fileRef = D182CE8723CCE5AA00E368A6 /* GithubRepositoryRow.swift */; };
		D1D799FD23A53A03009C5D8D /* AppDelegate.swift in Sources */ = {isa = PBXBuildFile; fileRef = D1D799FC23A53A03009C5D8D /* AppDelegate.swift */; };
		D1D799FF23A53A03009C5D8D /* SceneDelegate.swift in Sources */ = {isa = PBXBuildFile; fileRef = D1D799FE23A53A03009C5D8D /* SceneDelegate.swift */; };
		D1D79A0123A53A03009C5D8D /* ContentView.swift in Sources */ = {isa = PBXBuildFile; fileRef = D1D79A0023A53A03009C5D8D /* ContentView.swift */; };
		D1D79A0323A53A05009C5D8D /* Assets.xcassets in Resources */ = {isa = PBXBuildFile; fileRef = D1D79A0223A53A05009C5D8D /* Assets.xcassets */; };
		D1D79A0623A53A05009C5D8D /* Preview Assets.xcassets in Resources */ = {isa = PBXBuildFile; fileRef = D1D79A0523A53A05009C5D8D /* Preview Assets.xcassets */; };
		D1D79A0923A53A05009C5D8D /* LaunchScreen.storyboard in Resources */ = {isa = PBXBuildFile; fileRef = D1D79A0723A53A05009C5D8D /* LaunchScreen.storyboard */; };
		D1D79A1423A53A05009C5D8D /* iosTests.swift in Sources */ = {isa = PBXBuildFile; fileRef = D1D79A1323A53A05009C5D8D /* iosTests.swift */; };
/* End PBXBuildFile section */

/* Begin PBXContainerItemProxy section */
		D1D79A1023A53A05009C5D8D /* PBXContainerItemProxy */ = {
			isa = PBXContainerItemProxy;
			containerPortal = D1D799F123A53A03009C5D8D /* Project object */;
			proxyType = 1;
			remoteGlobalIDString = D1D799F823A53A03009C5D8D;
			remoteInfo = ios;
		};
/* End PBXContainerItemProxy section */

/* Begin PBXFileReference section */
		D10566BA23B2188400647884 /* LoadingIndicatorView.swift */ = {isa = PBXFileReference; lastKnownFileType = sourcecode.swift; path = LoadingIndicatorView.swift; sourceTree = "<group>"; };
		D13C078B23CCE43800B8BCC7 /* GithubReposList.swift */ = {isa = PBXFileReference; lastKnownFileType = sourcecode.swift; path = GithubReposList.swift; sourceTree = "<group>"; };
		D182CE8723CCE5AA00E368A6 /* GithubRepositoryRow.swift */ = {isa = PBXFileReference; lastKnownFileType = sourcecode.swift; path = GithubRepositoryRow.swift; sourceTree = "<group>"; };
		D1D799F923A53A03009C5D8D /* ios.app */ = {isa = PBXFileReference; explicitFileType = wrapper.application; includeInIndex = 0; path = ios.app; sourceTree = BUILT_PRODUCTS_DIR; };
		D1D799FC23A53A03009C5D8D /* AppDelegate.swift */ = {isa = PBXFileReference; lastKnownFileType = sourcecode.swift; path = AppDelegate.swift; sourceTree = "<group>"; };
		D1D799FE23A53A03009C5D8D /* SceneDelegate.swift */ = {isa = PBXFileReference; lastKnownFileType = sourcecode.swift; path = SceneDelegate.swift; sourceTree = "<group>"; };
		D1D79A0023A53A03009C5D8D /* ContentView.swift */ = {isa = PBXFileReference; lastKnownFileType = sourcecode.swift; path = ContentView.swift; sourceTree = "<group>"; };
		D1D79A0223A53A05009C5D8D /* Assets.xcassets */ = {isa = PBXFileReference; lastKnownFileType = folder.assetcatalog; path = Assets.xcassets; sourceTree = "<group>"; };
		D1D79A0523A53A05009C5D8D /* Preview Assets.xcassets */ = {isa = PBXFileReference; lastKnownFileType = folder.assetcatalog; path = "Preview Assets.xcassets"; sourceTree = "<group>"; };
		D1D79A0823A53A05009C5D8D /* Base */ = {isa = PBXFileReference; lastKnownFileType = file.storyboard; name = Base; path = Base.lproj/LaunchScreen.storyboard; sourceTree = "<group>"; };
		D1D79A0A23A53A05009C5D8D /* Info.plist */ = {isa = PBXFileReference; lastKnownFileType = text.plist.xml; path = Info.plist; sourceTree = "<group>"; };
		D1D79A0F23A53A05009C5D8D /* iosTests.xctest */ = {isa = PBXFileReference; explicitFileType = wrapper.cfbundle; includeInIndex = 0; path = iosTests.xctest; sourceTree = BUILT_PRODUCTS_DIR; };
		D1D79A1323A53A05009C5D8D /* iosTests.swift */ = {isa = PBXFileReference; lastKnownFileType = sourcecode.swift; path = iosTests.swift; sourceTree = "<group>"; };
		D1D79A1523A53A05009C5D8D /* Info.plist */ = {isa = PBXFileReference; lastKnownFileType = text.plist.xml; path = Info.plist; sourceTree = "<group>"; };
/* End PBXFileReference section */

/* Begin PBXFrameworksBuildPhase section */
		D1D799F623A53A03009C5D8D /* Frameworks */ = {
			isa = PBXFrameworksBuildPhase;
			buildActionMask = 2147483647;
			files = (
			);
			runOnlyForDeploymentPostprocessing = 0;
		};
		D1D79A0C23A53A05009C5D8D /* Frameworks */ = {
			isa = PBXFrameworksBuildPhase;
			buildActionMask = 2147483647;
			files = (
			);
			runOnlyForDeploymentPostprocessing = 0;
		};
/* End PBXFrameworksBuildPhase section */

/* Begin PBXGroup section */
		4BD4DBABFBC527CE89583B2C /* Frameworks */ = {
			isa = PBXGroup;
			children = (
			);
			name = Frameworks;
			sourceTree = "<group>";
		};
		D1D799F023A53A03009C5D8D = {
			isa = PBXGroup;
			children = (
				D1D799FB23A53A03009C5D8D /* ios */,
				D1D79A1223A53A05009C5D8D /* iosTests */,
				D1D799FA23A53A03009C5D8D /* Products */,
				4BD4DBABFBC527CE89583B2C /* Frameworks */,
			);
			sourceTree = "<group>";
		};
		D1D799FA23A53A03009C5D8D /* Products */ = {
			isa = PBXGroup;
			children = (
				D1D799F923A53A03009C5D8D /* ios.app */,
				D1D79A0F23A53A05009C5D8D /* iosTests.xctest */,
			);
			name = Products;
			sourceTree = "<group>";
		};
		D1D799FB23A53A03009C5D8D /* ios */ = {
			isa = PBXGroup;
			children = (
				D1D799FC23A53A03009C5D8D /* AppDelegate.swift */,
				D1D799FE23A53A03009C5D8D /* SceneDelegate.swift */,
				D1D79A0023A53A03009C5D8D /* ContentView.swift */,
				D1D79A0223A53A05009C5D8D /* Assets.xcassets */,
				D1D79A0723A53A05009C5D8D /* LaunchScreen.storyboard */,
				D1D79A0A23A53A05009C5D8D /* Info.plist */,
				D1D79A0423A53A05009C5D8D /* Preview Content */,
				D10566BA23B2188400647884 /* LoadingIndicatorView.swift */,
				D13C078B23CCE43800B8BCC7 /* GithubReposList.swift */,
				D182CE8723CCE5AA00E368A6 /* GithubRepositoryRow.swift */,
			);
			path = ios;
			sourceTree = "<group>";
		};
		D1D79A0423A53A05009C5D8D /* Preview Content */ = {
			isa = PBXGroup;
			children = (
				D1D79A0523A53A05009C5D8D /* Preview Assets.xcassets */,
			);
			path = "Preview Content";
			sourceTree = "<group>";
		};
		D1D79A1223A53A05009C5D8D /* iosTests */ = {
			isa = PBXGroup;
			children = (
				D1D79A1323A53A05009C5D8D /* iosTests.swift */,
				D1D79A1523A53A05009C5D8D /* Info.plist */,
			);
			path = iosTests;
			sourceTree = "<group>";
		};
/* End PBXGroup section */

/* Begin PBXNativeTarget section */
		D1D799F823A53A03009C5D8D /* ios */ = {
			isa = PBXNativeTarget;
			buildConfigurationList = D1D79A1823A53A05009C5D8D /* Build configuration list for PBXNativeTarget "ios" */;
			buildPhases = (
				C0EAAD1529CB4FFB0024A7A0 /* Run Script */,
				D1D799F523A53A03009C5D8D /* Sources */,
				D1D799F623A53A03009C5D8D /* Frameworks */,
				D1D799F723A53A03009C5D8D /* Resources */,
			);
			buildRules = (
			);
			dependencies = (
			);
			name = ios;
			productName = ios;
			productReference = D1D799F923A53A03009C5D8D /* ios.app */;
			productType = "com.apple.product-type.application";
		};
		D1D79A0E23A53A05009C5D8D /* iosTests */ = {
			isa = PBXNativeTarget;
			buildConfigurationList = D1D79A1B23A53A05009C5D8D /* Build configuration list for PBXNativeTarget "iosTests" */;
			buildPhases = (
				D1D79A0B23A53A05009C5D8D /* Sources */,
				D1D79A0C23A53A05009C5D8D /* Frameworks */,
				D1D79A0D23A53A05009C5D8D /* Resources */,
			);
			buildRules = (
			);
			dependencies = (
				D1D79A1123A53A05009C5D8D /* PBXTargetDependency */,
			);
			name = iosTests;
			productName = iosTests;
			productReference = D1D79A0F23A53A05009C5D8D /* iosTests.xctest */;
			productType = "com.apple.product-type.bundle.unit-test";
		};
/* End PBXNativeTarget section */

/* Begin PBXProject section */
		D1D799F123A53A03009C5D8D /* Project object */ = {
			isa = PBXProject;
			attributes = {
				LastSwiftUpdateCheck = 1130;
				LastUpgradeCheck = 1130;
				ORGANIZATIONNAME = Hannes;
				TargetAttributes = {
					D1D799F823A53A03009C5D8D = {
						CreatedOnToolsVersion = 11.3;
					};
					D1D79A0E23A53A05009C5D8D = {
						CreatedOnToolsVersion = 11.3;
						TestTargetID = D1D799F823A53A03009C5D8D;
					};
				};
			};
			buildConfigurationList = D1D799F423A53A03009C5D8D /* Build configuration list for PBXProject "ios" */;
			compatibilityVersion = "Xcode 9.3";
			developmentRegion = en;
			hasScannedForEncodings = 0;
			knownRegions = (
				en,
				Base,
			);
			mainGroup = D1D799F023A53A03009C5D8D;
			productRefGroup = D1D799FA23A53A03009C5D8D /* Products */;
			projectDirPath = "";
			projectRoot = "";
			targets = (
				D1D799F823A53A03009C5D8D /* ios */,
				D1D79A0E23A53A05009C5D8D /* iosTests */,
			);
		};
/* End PBXProject section */

/* Begin PBXResourcesBuildPhase section */
		D1D799F723A53A03009C5D8D /* Resources */ = {
			isa = PBXResourcesBuildPhase;
			buildActionMask = 2147483647;
			files = (
				D1D79A0923A53A05009C5D8D /* LaunchScreen.storyboard in Resources */,
				D1D79A0623A53A05009C5D8D /* Preview Assets.xcassets in Resources */,
				D1D79A0323A53A05009C5D8D /* Assets.xcassets in Resources */,
			);
			runOnlyForDeploymentPostprocessing = 0;
		};
		D1D79A0D23A53A05009C5D8D /* Resources */ = {
			isa = PBXResourcesBuildPhase;
			buildActionMask = 2147483647;
			files = (
			);
			runOnlyForDeploymentPostprocessing = 0;
		};
/* End PBXResourcesBuildPhase section */

/* Begin PBXShellScriptBuildPhase section */
		C0EAAD1529CB4FFB0024A7A0 /* Run Script */ = {
			isa = PBXShellScriptBuildPhase;
			buildActionMask = 2147483647;
			files = (
			);
			inputFileListPaths = (
			);
			inputPaths = (
			);
			name = "Run Script";
			outputFileListPaths = (
			);
			outputPaths = (
			);
			runOnlyForDeploymentPostprocessing = 0;
			shellPath = /bin/sh;
			shellScript = "cd \"$SRCROOT/../..\"\n./gradlew :sample:shared_code:embedAndSignAppleFrameworkForXcode\n";
		};
/* End PBXShellScriptBuildPhase section */

/* Begin PBXSourcesBuildPhase section */
		D1D799F523A53A03009C5D8D /* Sources */ = {
			isa = PBXSourcesBuildPhase;
			buildActionMask = 2147483647;
			files = (
				D1D799FD23A53A03009C5D8D /* AppDelegate.swift in Sources */,
				D182CE8823CCE5AA00E368A6 /* GithubRepositoryRow.swift in Sources */,
				D13C078C23CCE43800B8BCC7 /* GithubReposList.swift in Sources */,
				D1D799FF23A53A03009C5D8D /* SceneDelegate.swift in Sources */,
				D1D79A0123A53A03009C5D8D /* ContentView.swift in Sources */,
				D10566BB23B2188400647884 /* LoadingIndicatorView.swift in Sources */,
			);
			runOnlyForDeploymentPostprocessing = 0;
		};
		D1D79A0B23A53A05009C5D8D /* Sources */ = {
			isa = PBXSourcesBuildPhase;
			buildActionMask = 2147483647;
			files = (
				D1D79A1423A53A05009C5D8D /* iosTests.swift in Sources */,
			);
			runOnlyForDeploymentPostprocessing = 0;
		};
/* End PBXSourcesBuildPhase section */

/* Begin PBXTargetDependency section */
		D1D79A1123A53A05009C5D8D /* PBXTargetDependency */ = {
			isa = PBXTargetDependency;
			target = D1D799F823A53A03009C5D8D /* ios */;
			targetProxy = D1D79A1023A53A05009C5D8D /* PBXContainerItemProxy */;
		};
/* End PBXTargetDependency section */

/* Begin PBXVariantGroup section */
		D1D79A0723A53A05009C5D8D /* LaunchScreen.storyboard */ = {
			isa = PBXVariantGroup;
			children = (
				D1D79A0823A53A05009C5D8D /* Base */,
			);
			name = LaunchScreen.storyboard;
			sourceTree = "<group>";
		};
/* End PBXVariantGroup section */

/* Begin XCBuildConfiguration section */
		D1D79A1623A53A05009C5D8D /* Debug */ = {
			isa = XCBuildConfiguration;
			buildSettings = {
				ALWAYS_SEARCH_USER_PATHS = NO;
				CLANG_ANALYZER_NONNULL = YES;
				CLANG_ANALYZER_NUMBER_OBJECT_CONVERSION = YES_AGGRESSIVE;
				CLANG_CXX_LANGUAGE_STANDARD = "gnu++14";
				CLANG_CXX_LIBRARY = "libc++";
				CLANG_ENABLE_MODULES = YES;
				CLANG_ENABLE_OBJC_ARC = YES;
				CLANG_ENABLE_OBJC_WEAK = YES;
				CLANG_WARN_BLOCK_CAPTURE_AUTORELEASING = YES;
				CLANG_WARN_BOOL_CONVERSION = YES;
				CLANG_WARN_COMMA = YES;
				CLANG_WARN_CONSTANT_CONVERSION = YES;
				CLANG_WARN_DEPRECATED_OBJC_IMPLEMENTATIONS = YES;
				CLANG_WARN_DIRECT_OBJC_ISA_USAGE = YES_ERROR;
				CLANG_WARN_DOCUMENTATION_COMMENTS = YES;
				CLANG_WARN_EMPTY_BODY = YES;
				CLANG_WARN_ENUM_CONVERSION = YES;
				CLANG_WARN_INFINITE_RECURSION = YES;
				CLANG_WARN_INT_CONVERSION = YES;
				CLANG_WARN_NON_LITERAL_NULL_CONVERSION = YES;
				CLANG_WARN_OBJC_IMPLICIT_RETAIN_SELF = YES;
				CLANG_WARN_OBJC_LITERAL_CONVERSION = YES;
				CLANG_WARN_OBJC_ROOT_CLASS = YES_ERROR;
				CLANG_WARN_RANGE_LOOP_ANALYSIS = YES;
				CLANG_WARN_STRICT_PROTOTYPES = YES;
				CLANG_WARN_SUSPICIOUS_MOVE = YES;
				CLANG_WARN_UNGUARDED_AVAILABILITY = YES_AGGRESSIVE;
				CLANG_WARN_UNREACHABLE_CODE = YES;
				CLANG_WARN__DUPLICATE_METHOD_MATCH = YES;
				COPY_PHASE_STRIP = NO;
				DEBUG_INFORMATION_FORMAT = dwarf;
				ENABLE_STRICT_OBJC_MSGSEND = YES;
				ENABLE_TESTABILITY = YES;
				FRAMEWORK_SEARCH_PATHS = "";
				GCC_C_LANGUAGE_STANDARD = gnu11;
				GCC_DYNAMIC_NO_PIC = NO;
				GCC_NO_COMMON_BLOCKS = YES;
				GCC_OPTIMIZATION_LEVEL = 0;
				GCC_PREPROCESSOR_DEFINITIONS = (
					"DEBUG=1",
					"$(inherited)",
				);
				GCC_WARN_64_TO_32_BIT_CONVERSION = YES;
				GCC_WARN_ABOUT_RETURN_TYPE = YES_ERROR;
				GCC_WARN_UNDECLARED_SELECTOR = YES;
				GCC_WARN_UNINITIALIZED_AUTOS = YES_AGGRESSIVE;
				GCC_WARN_UNUSED_FUNCTION = YES;
				GCC_WARN_UNUSED_VARIABLE = YES;
				IPHONEOS_DEPLOYMENT_TARGET = 13.2;
				MTL_ENABLE_DEBUG_INFO = INCLUDE_SOURCE;
				MTL_FAST_MATH = YES;
				ONLY_ACTIVE_ARCH = YES;
				SDKROOT = iphoneos;
				SWIFT_ACTIVE_COMPILATION_CONDITIONS = DEBUG;
				SWIFT_OPTIMIZATION_LEVEL = "-Onone";
			};
			name = Debug;
		};
		D1D79A1723A53A05009C5D8D /* Release */ = {
			isa = XCBuildConfiguration;
			buildSettings = {
				ALWAYS_SEARCH_USER_PATHS = NO;
				CLANG_ANALYZER_NONNULL = YES;
				CLANG_ANALYZER_NUMBER_OBJECT_CONVERSION = YES_AGGRESSIVE;
				CLANG_CXX_LANGUAGE_STANDARD = "gnu++14";
				CLANG_CXX_LIBRARY = "libc++";
				CLANG_ENABLE_MODULES = YES;
				CLANG_ENABLE_OBJC_ARC = YES;
				CLANG_ENABLE_OBJC_WEAK = YES;
				CLANG_WARN_BLOCK_CAPTURE_AUTORELEASING = YES;
				CLANG_WARN_BOOL_CONVERSION = YES;
				CLANG_WARN_COMMA = YES;
				CLANG_WARN_CONSTANT_CONVERSION = YES;
				CLANG_WARN_DEPRECATED_OBJC_IMPLEMENTATIONS = YES;
				CLANG_WARN_DIRECT_OBJC_ISA_USAGE = YES_ERROR;
				CLANG_WARN_DOCUMENTATION_COMMENTS = YES;
				CLANG_WARN_EMPTY_BODY = YES;
				CLANG_WARN_ENUM_CONVERSION = YES;
				CLANG_WARN_INFINITE_RECURSION = YES;
				CLANG_WARN_INT_CONVERSION = YES;
				CLANG_WARN_NON_LITERAL_NULL_CONVERSION = YES;
				CLANG_WARN_OBJC_IMPLICIT_RETAIN_SELF = YES;
				CLANG_WARN_OBJC_LITERAL_CONVERSION = YES;
				CLANG_WARN_OBJC_ROOT_CLASS = YES_ERROR;
				CLANG_WARN_RANGE_LOOP_ANALYSIS = YES;
				CLANG_WARN_STRICT_PROTOTYPES = YES;
				CLANG_WARN_SUSPICIOUS_MOVE = YES;
				CLANG_WARN_UNGUARDED_AVAILABILITY = YES_AGGRESSIVE;
				CLANG_WARN_UNREACHABLE_CODE = YES;
				CLANG_WARN__DUPLICATE_METHOD_MATCH = YES;
				COPY_PHASE_STRIP = NO;
				DEBUG_INFORMATION_FORMAT = "dwarf-with-dsym";
				ENABLE_NS_ASSERTIONS = NO;
				ENABLE_STRICT_OBJC_MSGSEND = YES;
				FRAMEWORK_SEARCH_PATHS = "";
				GCC_C_LANGUAGE_STANDARD = gnu11;
				GCC_NO_COMMON_BLOCKS = YES;
				GCC_WARN_64_TO_32_BIT_CONVERSION = YES;
				GCC_WARN_ABOUT_RETURN_TYPE = YES_ERROR;
				GCC_WARN_UNDECLARED_SELECTOR = YES;
				GCC_WARN_UNINITIALIZED_AUTOS = YES_AGGRESSIVE;
				GCC_WARN_UNUSED_FUNCTION = YES;
				GCC_WARN_UNUSED_VARIABLE = YES;
				IPHONEOS_DEPLOYMENT_TARGET = 13.2;
				MTL_ENABLE_DEBUG_INFO = NO;
				MTL_FAST_MATH = YES;
				SDKROOT = iphoneos;
				SWIFT_COMPILATION_MODE = wholemodule;
				SWIFT_OPTIMIZATION_LEVEL = "-O";
				VALIDATE_PRODUCT = YES;
			};
			name = Release;
		};
		D1D79A1923A53A05009C5D8D /* Debug */ = {
			isa = XCBuildConfiguration;
			buildSettings = {
				ASSETCATALOG_COMPILER_APPICON_NAME = AppIcon;
				CODE_SIGN_STYLE = Automatic;
				DEVELOPMENT_ASSET_PATHS = "\"ios/Preview Content\"";
				ENABLE_PREVIEWS = YES;
				FRAMEWORK_SEARCH_PATHS = "$(SRCROOT)/../shared_code/build/xcode-frameworks/$(CONFIGURATION)/$(SDK_NAME)";
				INFOPLIST_FILE = ios/Info.plist;
				LD_RUNPATH_SEARCH_PATHS = (
					"$(inherited)",
					"@executable_path/Frameworks",
				);
				OTHER_LDFLAGS = (
					"$(inherited)",
					"-framework",
					shared,
				);
				PRODUCT_BUNDLE_IDENTIFIER = com.freeletics.flowredux.sample.ios;
				PRODUCT_NAME = "$(TARGET_NAME)";
				SWIFT_VERSION = 5.0;
				TARGETED_DEVICE_FAMILY = "1,2";
			};
			name = Debug;
		};
		D1D79A1A23A53A05009C5D8D /* Release */ = {
			isa = XCBuildConfiguration;
			buildSettings = {
				ASSETCATALOG_COMPILER_APPICON_NAME = AppIcon;
				CODE_SIGN_STYLE = Automatic;
				DEVELOPMENT_ASSET_PATHS = "\"ios/Preview Content\"";
				ENABLE_PREVIEWS = YES;
				FRAMEWORK_SEARCH_PATHS = "$(SRCROOT)/../shared_code/build/xcode-frameworks/$(CONFIGURATION)/$(SDK_NAME)";
				INFOPLIST_FILE = ios/Info.plist;
				LD_RUNPATH_SEARCH_PATHS = (
					"$(inherited)",
					"@executable_path/Frameworks",
				);
				OTHER_LDFLAGS = (
					"$(inherited)",
					"-framework",
					shared,
				);
				PRODUCT_BUNDLE_IDENTIFIER = com.freeletics.flowredux.sample.ios;
				PRODUCT_NAME = "$(TARGET_NAME)";
				SWIFT_VERSION = 5.0;
				TARGETED_DEVICE_FAMILY = "1,2";
			};
			name = Release;
		};
		D1D79A1C23A53A05009C5D8D /* Debug */ = {
			isa = XCBuildConfiguration;
			buildSettings = {
				ALWAYS_EMBED_SWIFT_STANDARD_LIBRARIES = YES;
				BUNDLE_LOADER = "$(TEST_HOST)";
				CODE_SIGN_STYLE = Automatic;
				INFOPLIST_FILE = iosTests/Info.plist;
				IPHONEOS_DEPLOYMENT_TARGET = 13.2;
				LD_RUNPATH_SEARCH_PATHS = (
					"$(inherited)",
					"@executable_path/Frameworks",
					"@loader_path/Frameworks",
				);
				PRODUCT_BUNDLE_IDENTIFIER = com.freeletics.flowredux.sample.iosTests;
				PRODUCT_NAME = "$(TARGET_NAME)";
				SWIFT_VERSION = 5.0;
				TARGETED_DEVICE_FAMILY = "1,2";
				TEST_HOST = "$(BUILT_PRODUCTS_DIR)/ios.app/ios";
			};
			name = Debug;
		};
		D1D79A1D23A53A05009C5D8D /* Release */ = {
			isa = XCBuildConfiguration;
			buildSettings = {
				ALWAYS_EMBED_SWIFT_STANDARD_LIBRARIES = YES;
				BUNDLE_LOADER = "$(TEST_HOST)";
				CODE_SIGN_STYLE = Automatic;
				INFOPLIST_FILE = iosTests/Info.plist;
				IPHONEOS_DEPLOYMENT_TARGET = 13.2;
				LD_RUNPATH_SEARCH_PATHS = (
					"$(inherited)",
					"@executable_path/Frameworks",
					"@loader_path/Frameworks",
				);
				PRODUCT_BUNDLE_IDENTIFIER = com.freeletics.flowredux.sample.iosTests;
				PRODUCT_NAME = "$(TARGET_NAME)";
				SWIFT_VERSION = 5.0;
				TARGETED_DEVICE_FAMILY = "1,2";
				TEST_HOST = "$(BUILT_PRODUCTS_DIR)/ios.app/ios";
			};
			name = Release;
		};
/* End XCBuildConfiguration section */

/* Begin XCConfigurationList section */
		D1D799F423A53A03009C5D8D /* Build configuration list for PBXProject "ios" */ = {
			isa = XCConfigurationList;
			buildConfigurations = (
				D1D79A1623A53A05009C5D8D /* Debug */,
				D1D79A1723A53A05009C5D8D /* Release */,
			);
			defaultConfigurationIsVisible = 0;
			defaultConfigurationName = Release;
		};
		D1D79A1823A53A05009C5D8D /* Build configuration list for PBXNativeTarget "ios" */ = {
			isa = XCConfigurationList;
			buildConfigurations = (
				D1D79A1923A53A05009C5D8D /* Debug */,
				D1D79A1A23A53A05009C5D8D /* Release */,
			);
			defaultConfigurationIsVisible = 0;
			defaultConfigurationName = Release;
		};
		D1D79A1B23A53A05009C5D8D /* Build configuration list for PBXNativeTarget "iosTests" */ = {
			isa = XCConfigurationList;
			buildConfigurations = (
				D1D79A1C23A53A05009C5D8D /* Debug */,
				D1D79A1D23A53A05009C5D8D /* Release */,
			);
			defaultConfigurationIsVisible = 0;
			defaultConfigurationName = Release;
		};
/* End XCConfigurationList section */
	};
	rootObject = D1D799F123A53A03009C5D8D /* Project object */;
}
